
Microsoft Visual Studio Solution File, Format Version 12.00
# Visual Studio Version 17
VisualStudioVersion = 17.6.33829.357
MinimumVisualStudioVersion = 10.0.40219.1
Project("{888888A0-9F3D-457C-B088-3A5042F75D52}") = "Number guessing game", "Number guessing game\Number guessing game.pyproj", "{81A7173F-45DA-4E56-9335-B4AC1FD6CB64}"
EndProject
Global
	GlobalSection(SolutionConfigurationPlatforms) = preSolution
		Debug|Any CPU = Debug|Any CPU
		Release|Any CPU = Release|Any CPU
	EndGlobalSection
	GlobalSection(ProjectConfigurationPlatforms) = postSolution
		{81A7173F-45DA-4E56-9335-B4AC1FD6CB64}.Debug|Any CPU.ActiveCfg = Debug|Any CPU
		{81A7173F-45DA-4E56-9335-B4AC1FD6CB64}.Release|Any CPU.ActiveCfg = Release|Any CPU
	EndGlobalSection
	GlobalSection(SolutionProperties) = preSolution
		HideSolutionNode = FALSE
	EndGlobalSection
	GlobalSection(ExtensibilityGlobals) = postSolution
		SolutionGuid = {0D2217F8-4EA1-4E8B-931A-021CB08EF2F9}
	EndGlobalSection
EndGlobal
